
Microsoft Visual Studio Solution File, Format Version 12.00
# Visual Studio Version 17
VisualStudioVersion = 17.0.31903.59
MinimumVisualStudioVersion = 10.0.40219.1
Project("{FAE04EC0-301F-11D3-BF4B-00C04F79EFBC}") = "InvestmentConsumer.Application", "CountriesApi.Application\InvestmentConsumer.Application.csproj", "{5A0453F3-6F45-4EF3-AFCB-1106862E2904}"
EndProject
Project("{FAE04EC0-301F-11D3-BF4B-00C04F79EFBC}") = "InvestmentConsumer.Domain", "CountriesApi.Domain\InvestmentConsumer.Domain.csproj", "{6DA31D85-719A-42E9-A8CA-496DEC7DE9E9}"
EndProject
Project("{FAE04EC0-301F-11D3-BF4B-00C04F79EFBC}") = "InvestmentConsumer.Infrastructure", "CountriesApi.Infrastructure\InvestmentConsumer.Infrastructure.csproj", "{859F77F7-1157-408A-9727-C7336726EF55}"
EndProject
Project("{FAE04EC0-301F-11D3-BF4B-00C04F79EFBC}") = "InvesmentConsumer.Worker", "InvesmentConsumer.Worker\InvesmentConsumer.Worker.csproj", "{B7CB3E0F-D4C3-437C-97AD-E2DD1EAEF11C}"
EndProject
Project("{FAE04EC0-301F-11D3-BF4B-00C04F79EFBC}") = "InvestmentConsumer.Tests", "InvestmentConsumer.Tests\InvestmentConsumer.Tests.csproj", "{CED8F09F-75B7-419D-9F9B-83E7E912FF41}"
EndProject
Global
	GlobalSection(SolutionConfigurationPlatforms) = preSolution
		Debug|Any CPU = Debug|Any CPU
		Release|Any CPU = Release|Any CPU
	EndGlobalSection
	GlobalSection(ProjectConfigurationPlatforms) = postSolution
		{5A0453F3-6F45-4EF3-AFCB-1106862E2904}.Debug|Any CPU.ActiveCfg = Debug|Any CPU
		{5A0453F3-6F45-4EF3-AFCB-1106862E2904}.Debug|Any CPU.Build.0 = Debug|Any CPU
		{5A0453F3-6F45-4EF3-AFCB-1106862E2904}.Release|Any CPU.ActiveCfg = Release|Any CPU
		{5A0453F3-6F45-4EF3-AFCB-1106862E2904}.Release|Any CPU.Build.0 = Release|Any CPU
		{6DA31D85-719A-42E9-A8CA-496DEC7DE9E9}.Debug|Any CPU.ActiveCfg = Debug|Any CPU
		{6DA31D85-719A-42E9-A8CA-496DEC7DE9E9}.Debug|Any CPU.Build.0 = Debug|Any CPU
		{6DA31D85-719A-42E9-A8CA-496DEC7DE9E9}.Release|Any CPU.ActiveCfg = Release|Any CPU
		{6DA31D85-719A-42E9-A8CA-496DEC7DE9E9}.Release|Any CPU.Build.0 = Release|Any CPU
		{859F77F7-1157-408A-9727-C7336726EF55}.Debug|Any CPU.ActiveCfg = Debug|Any CPU
		{859F77F7-1157-408A-9727-C7336726EF55}.Debug|Any CPU.Build.0 = Debug|Any CPU
		{859F77F7-1157-408A-9727-C7336726EF55}.Release|Any CPU.ActiveCfg = Release|Any CPU
		{859F77F7-1157-408A-9727-C7336726EF55}.Release|Any CPU.Build.0 = Release|Any CPU
		{B7CB3E0F-D4C3-437C-97AD-E2DD1EAEF11C}.Debug|Any CPU.ActiveCfg = Debug|Any CPU
		{B7CB3E0F-D4C3-437C-97AD-E2DD1EAEF11C}.Debug|Any CPU.Build.0 = Debug|Any CPU
		{B7CB3E0F-D4C3-437C-97AD-E2DD1EAEF11C}.Release|Any CPU.ActiveCfg = Release|Any CPU
		{B7CB3E0F-D4C3-437C-97AD-E2DD1EAEF11C}.Release|Any CPU.Build.0 = Release|Any CPU
		{CED8F09F-75B7-419D-9F9B-83E7E912FF41}.Debug|Any CPU.ActiveCfg = Debug|Any CPU
		{CED8F09F-75B7-419D-9F9B-83E7E912FF41}.Debug|Any CPU.Build.0 = Debug|Any CPU
		{CED8F09F-75B7-419D-9F9B-83E7E912FF41}.Release|Any CPU.ActiveCfg = Release|Any CPU
		{CED8F09F-75B7-419D-9F9B-83E7E912FF41}.Release|Any CPU.Build.0 = Release|Any CPU
	EndGlobalSection
	GlobalSection(SolutionProperties) = preSolution
		HideSolutionNode = FALSE
	EndGlobalSection
EndGlobal
